// !$*UTF8*$!
{
	archiveVersion = 1;
	classes = {
	};
	objectVersion = 56;
	objects = {

/* Begin PBXBuildFile section */
		4E34ABB829729C78001603ED /* .gitignore in Resources */ = {isa = PBXBuildFile; fileRef = 4E34ABB729729C78001603ED /* .gitignore */; };
		4E88F9F029B6CF0100EDC916 /* Realm.swift in Sources */ = {isa = PBXBuildFile; fileRef = 4E88F9AA29B6CF0100EDC916 /* Realm.swift */; };
		4E88F9F129B6CF0100EDC916 /* HomeAPIManager.swift in Sources */ = {isa = PBXBuildFile; fileRef = 4E88F9AD29B6CF0100EDC916 /* HomeAPIManager.swift */; };
		4E88F9F229B6CF0100EDC916 /* SearchDetailModel.swift in Sources */ = {isa = PBXBuildFile; fileRef = 4E88F9AE29B6CF0100EDC916 /* SearchDetailModel.swift */; };
		4E88F9F329B6CF0100EDC916 /* CreditsModel.swift in Sources */ = {isa = PBXBuildFile; fileRef = 4E88F9AF29B6CF0100EDC916 /* CreditsModel.swift */; };
		4E88F9F429B6CF0100EDC916 /* ResponseDataModel.swift in Sources */ = {isa = PBXBuildFile; fileRef = 4E88F9B029B6CF0100EDC916 /* ResponseDataModel.swift */; };
		4E88F9F529B6CF0100EDC916 /* ResultModel.swift in Sources */ = {isa = PBXBuildFile; fileRef = 4E88F9B129B6CF0100EDC916 /* ResultModel.swift */; };
		4E88F9F629B6CF0100EDC916 /* EndPoint.swift in Sources */ = {isa = PBXBuildFile; fileRef = 4E88F9B229B6CF0100EDC916 /* EndPoint.swift */; };
		4E88F9F729B6CF0100EDC916 /* AppDelegate.swift in Sources */ = {isa = PBXBuildFile; fileRef = 4E88F9B429B6CF0100EDC916 /* AppDelegate.swift */; };
		4E88F9F829B6CF0100EDC916 /* SceneDelegate.swift in Sources */ = {isa = PBXBuildFile; fileRef = 4E88F9B529B6CF0100EDC916 /* SceneDelegate.swift */; };
		4E88F9F929B6CF0100EDC916 /* WriteViewModel.swift in Sources */ = {isa = PBXBuildFile; fileRef = 4E88F9B929B6CF0100EDC916 /* WriteViewModel.swift */; };
		4E88F9FA29B6CF0100EDC916 /* WriteViewController.swift in Sources */ = {isa = PBXBuildFile; fileRef = 4E88F9BB29B6CF0100EDC916 /* WriteViewController.swift */; };
		4E88F9FB29B6CF0100EDC916 /* WriteView.swift in Sources */ = {isa = PBXBuildFile; fileRef = 4E88F9BC29B6CF0100EDC916 /* WriteView.swift */; };
		4E88F9FC29B6CF0100EDC916 /* SearchViewModel.swift in Sources */ = {isa = PBXBuildFile; fileRef = 4E88F9BF29B6CF0100EDC916 /* SearchViewModel.swift */; };
		4E88F9FD29B6CF0100EDC916 /* SearchDetailViewModel.swift in Sources */ = {isa = PBXBuildFile; fileRef = 4E88F9C029B6CF0100EDC916 /* SearchDetailViewModel.swift */; };
		4E88F9FE29B6CF0100EDC916 /* CastCollectionViewCell.swift in Sources */ = {isa = PBXBuildFile; fileRef = 4E88F9C329B6CF0100EDC916 /* CastCollectionViewCell.swift */; };
		4E88F9FF29B6CF0100EDC916 /* SearchResultCollectionViewCell.swift in Sources */ = {isa = PBXBuildFile; fileRef = 4E88F9C429B6CF0100EDC916 /* SearchResultCollectionViewCell.swift */; };
		4E88FA0029B6CF0100EDC916 /* SearchDetailView.swift in Sources */ = {isa = PBXBuildFile; fileRef = 4E88F9C629B6CF0100EDC916 /* SearchDetailView.swift */; };
		4E88FA0129B6CF0100EDC916 /* SearchViewController.swift in Sources */ = {isa = PBXBuildFile; fileRef = 4E88F9C729B6CF0100EDC916 /* SearchViewController.swift */; };
		4E88FA0229B6CF0100EDC916 /* SearchDetailViewController.swift in Sources */ = {isa = PBXBuildFile; fileRef = 4E88F9C829B6CF0100EDC916 /* SearchDetailViewController.swift */; };
		4E88FA0329B6CF0100EDC916 /* SearchView.swift in Sources */ = {isa = PBXBuildFile; fileRef = 4E88F9C929B6CF0100EDC916 /* SearchView.swift */; };
		4E88FA0429B6CF0100EDC916 /* TabBarViewController.swift in Sources */ = {isa = PBXBuildFile; fileRef = 4E88F9CD29B6CF0100EDC916 /* TabBarViewController.swift */; };
		4E88FA0529B6CF0100EDC916 /* BookMarkViewController.swift in Sources */ = {isa = PBXBuildFile; fileRef = 4E88F9D129B6CF0100EDC916 /* BookMarkViewController.swift */; };
		4E88FA0629B6CF0100EDC916 /* CalendarViewController.swift in Sources */ = {isa = PBXBuildFile; fileRef = 4E88F9D529B6CF0100EDC916 /* CalendarViewController.swift */; };
		4E88FA0729B6CF0100EDC916 /* HomeViewModel.swift in Sources */ = {isa = PBXBuildFile; fileRef = 4E88F9D829B6CF0100EDC916 /* HomeViewModel.swift */; };
		4E88FA0829B6CF0100EDC916 /* HomeCollectionViewHeaderViewModel.swift in Sources */ = {isa = PBXBuildFile; fileRef = 4E88F9D929B6CF0100EDC916 /* HomeCollectionViewHeaderViewModel.swift */; };
		4E88FA0929B6CF0100EDC916 /* HomeCellViewModel.swift in Sources */ = {isa = PBXBuildFile; fileRef = 4E88F9DA29B6CF0100EDC916 /* HomeCellViewModel.swift */; };
		4E88FA0A29B6CF0100EDC916 /* HomeCollectionViewCell.swift in Sources */ = {isa = PBXBuildFile; fileRef = 4E88F9DD29B6CF0100EDC916 /* HomeCollectionViewCell.swift */; };
		4E88FA0B29B6CF0100EDC916 /* HomeCollectionHeaderView.swift in Sources */ = {isa = PBXBuildFile; fileRef = 4E88F9DE29B6CF0100EDC916 /* HomeCollectionHeaderView.swift */; };
		4E88FA0C29B6CF0100EDC916 /* HomeInsideCollectionViewCell.swift in Sources */ = {isa = PBXBuildFile; fileRef = 4E88F9DF29B6CF0100EDC916 /* HomeInsideCollectionViewCell.swift */; };
		4E88FA0D29B6CF0100EDC916 /* HomeInsideFlowLayout.swift in Sources */ = {isa = PBXBuildFile; fileRef = 4E88F9E029B6CF0100EDC916 /* HomeInsideFlowLayout.swift */; };
		4E88FA0E29B6CF0100EDC916 /* HomeView.swift in Sources */ = {isa = PBXBuildFile; fileRef = 4E88F9E229B6CF0100EDC916 /* HomeView.swift */; };
		4E88FA0F29B6CF0100EDC916 /* HomeViewController.swift in Sources */ = {isa = PBXBuildFile; fileRef = 4E88F9E329B6CF0100EDC916 /* HomeViewController.swift */; };
		4E88FA1029B6CF0100EDC916 /* ScrollView + Extension.swift in Sources */ = {isa = PBXBuildFile; fileRef = 4E88F9E629B6CF0100EDC916 /* ScrollView + Extension.swift */; };
		4E88FA1129B6CF0100EDC916 /* APIIndex.swift in Sources */ = {isa = PBXBuildFile; fileRef = 4E88F9E829B6CF0100EDC916 /* APIIndex.swift */; };
		4E88FA1229B6CF0100EDC916 /* BaseProtocol.swift in Sources */ = {isa = PBXBuildFile; fileRef = 4E88F9EA29B6CF0100EDC916 /* BaseProtocol.swift */; };
		4E88FA1329B6CF0100EDC916 /* DecodeError.swift in Sources */ = {isa = PBXBuildFile; fileRef = 4E88F9EC29B6CF0100EDC916 /* DecodeError.swift */; };
		4E88FA1429B6CF0100EDC916 /* BaseURL.swift in Sources */ = {isa = PBXBuildFile; fileRef = 4E88F9EE29B6CF0100EDC916 /* BaseURL.swift */; };
		4E88FA1529B6CF0100EDC916 /* BaseView.swift in Sources */ = {isa = PBXBuildFile; fileRef = 4E88F9EF29B6CF0100EDC916 /* BaseView.swift */; };
		4E88FA1829B6CFEF00EDC916 /* Realm in Frameworks */ = {isa = PBXBuildFile; productRef = 4E88FA1729B6CFEF00EDC916 /* Realm */; };
		4E88FA1A29B6CFEF00EDC916 /* RealmSwift in Frameworks */ = {isa = PBXBuildFile; productRef = 4E88FA1929B6CFEF00EDC916 /* RealmSwift */; };
		4E88FA1C29B6D09200EDC916 /* APIKey.swift in Sources */ = {isa = PBXBuildFile; fileRef = 4E88FA1B29B6D09200EDC916 /* APIKey.swift */; };
		4E88FA1F29B6D45600EDC916 /* Alamofire in Frameworks */ = {isa = PBXBuildFile; productRef = 4E88FA1E29B6D45600EDC916 /* Alamofire */; };
		4E88FA2129B6D5BD00EDC916 /* APIKey.swift in Resources */ = {isa = PBXBuildFile; fileRef = 4E88FA1B29B6D09200EDC916 /* APIKey.swift */; };
		4E88FA2429B7078400EDC916 /* BookMarkView.swift in Sources */ = {isa = PBXBuildFile; fileRef = 4E88FA2329B7078400EDC916 /* BookMarkView.swift */; };
		4E88FA2629B70A3E00EDC916 /* BookMarkViewModel.swift in Sources */ = {isa = PBXBuildFile; fileRef = 4E88FA2529B70A3E00EDC916 /* BookMarkViewModel.swift */; };
		4E88FA2829B742EB00EDC916 /* BookMarkCollectionViewCell.swift in Sources */ = {isa = PBXBuildFile; fileRef = 4E88FA2729B742EB00EDC916 /* BookMarkCollectionViewCell.swift */; };
		4E96BC7E297538D30011779B /* Kingfisher in Frameworks */ = {isa = PBXBuildFile; productRef = 4E96BC7D297538D30011779B /* Kingfisher */; };
		4E9F5C4F297299D400BE6733 /* SnapKit in Frameworks */ = {isa = PBXBuildFile; productRef = 4E9F5C4E297299D400BE6733 /* SnapKit */; };
		4EB74B232992319C00911D39 /* .swiftlint.yml in Resources */ = {isa = PBXBuildFile; fileRef = 4EB74B222992319C00911D39 /* .swiftlint.yml */; };
		4EE02AF8298CD7D700D44658 /* RxCocoa in Frameworks */ = {isa = PBXBuildFile; productRef = 4EE02AF7298CD7D700D44658 /* RxCocoa */; };
		4EE02AFA298CD7D700D44658 /* RxSwift in Frameworks */ = {isa = PBXBuildFile; productRef = 4EE02AF9298CD7D700D44658 /* RxSwift */; };
		4EED16BC29BADA0C009C321C /* CalendarView.swift in Sources */ = {isa = PBXBuildFile; fileRef = 4EED16BB29BADA0C009C321C /* CalendarView.swift */; };
		4EED16BF29BADB02009C321C /* FSCalendar in Frameworks */ = {isa = PBXBuildFile; productRef = 4EED16BE29BADB02009C321C /* FSCalendar */; };
		4EED16F229BAE853009C321C /* CalendarViewModel.swift in Sources */ = {isa = PBXBuildFile; fileRef = 4EED16F129BAE853009C321C /* CalendarViewModel.swift */; };
/* End PBXBuildFile section */

/* Begin PBXFileReference section */
		4E34ABB729729C78001603ED /* .gitignore */ = {isa = PBXFileReference; lastKnownFileType = text; path = .gitignore; sourceTree = "<group>"; };
		4E88F9A129B6CEE900EDC916 /* Assets.xcassets */ = {isa = PBXFileReference; lastKnownFileType = folder.assetcatalog; path = Assets.xcassets; sourceTree = "<group>"; };
		4E88F9A329B6CEE900EDC916 /* Base */ = {isa = PBXFileReference; lastKnownFileType = file.storyboard; name = Base; path = Base.lproj/LaunchScreen.storyboard; sourceTree = "<group>"; };
		4E88F9A429B6CEE900EDC916 /* Info.plist */ = {isa = PBXFileReference; fileEncoding = 4; lastKnownFileType = text.plist.xml; path = Info.plist; sourceTree = "<group>"; };
		4E88F9AA29B6CF0100EDC916 /* Realm.swift */ = {isa = PBXFileReference; fileEncoding = 4; lastKnownFileType = sourcecode.swift; path = Realm.swift; sourceTree = "<group>"; };
		4E88F9AD29B6CF0100EDC916 /* HomeAPIManager.swift */ = {isa = PBXFileReference; fileEncoding = 4; lastKnownFileType = sourcecode.swift; path = HomeAPIManager.swift; sourceTree = "<group>"; };
		4E88F9AE29B6CF0100EDC916 /* SearchDetailModel.swift */ = {isa = PBXFileReference; fileEncoding = 4; lastKnownFileType = sourcecode.swift; path = SearchDetailModel.swift; sourceTree = "<group>"; };
		4E88F9AF29B6CF0100EDC916 /* CreditsModel.swift */ = {isa = PBXFileReference; fileEncoding = 4; lastKnownFileType = sourcecode.swift; path = CreditsModel.swift; sourceTree = "<group>"; };
		4E88F9B029B6CF0100EDC916 /* ResponseDataModel.swift */ = {isa = PBXFileReference; fileEncoding = 4; lastKnownFileType = sourcecode.swift; path = ResponseDataModel.swift; sourceTree = "<group>"; };
		4E88F9B129B6CF0100EDC916 /* ResultModel.swift */ = {isa = PBXFileReference; fileEncoding = 4; lastKnownFileType = sourcecode.swift; path = ResultModel.swift; sourceTree = "<group>"; };
		4E88F9B229B6CF0100EDC916 /* EndPoint.swift */ = {isa = PBXFileReference; fileEncoding = 4; lastKnownFileType = sourcecode.swift; path = EndPoint.swift; sourceTree = "<group>"; };
		4E88F9B429B6CF0100EDC916 /* AppDelegate.swift */ = {isa = PBXFileReference; fileEncoding = 4; lastKnownFileType = sourcecode.swift; path = AppDelegate.swift; sourceTree = "<group>"; };
		4E88F9B529B6CF0100EDC916 /* SceneDelegate.swift */ = {isa = PBXFileReference; fileEncoding = 4; lastKnownFileType = sourcecode.swift; path = SceneDelegate.swift; sourceTree = "<group>"; };
		4E88F9B929B6CF0100EDC916 /* WriteViewModel.swift */ = {isa = PBXFileReference; fileEncoding = 4; lastKnownFileType = sourcecode.swift; path = WriteViewModel.swift; sourceTree = "<group>"; };
		4E88F9BB29B6CF0100EDC916 /* WriteViewController.swift */ = {isa = PBXFileReference; fileEncoding = 4; lastKnownFileType = sourcecode.swift; path = WriteViewController.swift; sourceTree = "<group>"; };
		4E88F9BC29B6CF0100EDC916 /* WriteView.swift */ = {isa = PBXFileReference; fileEncoding = 4; lastKnownFileType = sourcecode.swift; path = WriteView.swift; sourceTree = "<group>"; };
		4E88F9BF29B6CF0100EDC916 /* SearchViewModel.swift */ = {isa = PBXFileReference; fileEncoding = 4; lastKnownFileType = sourcecode.swift; path = SearchViewModel.swift; sourceTree = "<group>"; };
		4E88F9C029B6CF0100EDC916 /* SearchDetailViewModel.swift */ = {isa = PBXFileReference; fileEncoding = 4; lastKnownFileType = sourcecode.swift; path = SearchDetailViewModel.swift; sourceTree = "<group>"; };
		4E88F9C329B6CF0100EDC916 /* CastCollectionViewCell.swift */ = {isa = PBXFileReference; fileEncoding = 4; lastKnownFileType = sourcecode.swift; path = CastCollectionViewCell.swift; sourceTree = "<group>"; };
		4E88F9C429B6CF0100EDC916 /* SearchResultCollectionViewCell.swift */ = {isa = PBXFileReference; fileEncoding = 4; lastKnownFileType = sourcecode.swift; path = SearchResultCollectionViewCell.swift; sourceTree = "<group>"; };
		4E88F9C629B6CF0100EDC916 /* SearchDetailView.swift */ = {isa = PBXFileReference; fileEncoding = 4; lastKnownFileType = sourcecode.swift; path = SearchDetailView.swift; sourceTree = "<group>"; };
		4E88F9C729B6CF0100EDC916 /* SearchViewController.swift */ = {isa = PBXFileReference; fileEncoding = 4; lastKnownFileType = sourcecode.swift; path = SearchViewController.swift; sourceTree = "<group>"; };
		4E88F9C829B6CF0100EDC916 /* SearchDetailViewController.swift */ = {isa = PBXFileReference; fileEncoding = 4; lastKnownFileType = sourcecode.swift; path = SearchDetailViewController.swift; sourceTree = "<group>"; };
		4E88F9C929B6CF0100EDC916 /* SearchView.swift */ = {isa = PBXFileReference; fileEncoding = 4; lastKnownFileType = sourcecode.swift; path = SearchView.swift; sourceTree = "<group>"; };
		4E88F9CD29B6CF0100EDC916 /* TabBarViewController.swift */ = {isa = PBXFileReference; fileEncoding = 4; lastKnownFileType = sourcecode.swift; path = TabBarViewController.swift; sourceTree = "<group>"; };
		4E88F9D129B6CF0100EDC916 /* BookMarkViewController.swift */ = {isa = PBXFileReference; fileEncoding = 4; lastKnownFileType = sourcecode.swift; path = BookMarkViewController.swift; sourceTree = "<group>"; };
		4E88F9D529B6CF0100EDC916 /* CalendarViewController.swift */ = {isa = PBXFileReference; fileEncoding = 4; lastKnownFileType = sourcecode.swift; path = CalendarViewController.swift; sourceTree = "<group>"; };
		4E88F9D829B6CF0100EDC916 /* HomeViewModel.swift */ = {isa = PBXFileReference; fileEncoding = 4; lastKnownFileType = sourcecode.swift; path = HomeViewModel.swift; sourceTree = "<group>"; };
		4E88F9D929B6CF0100EDC916 /* HomeCollectionViewHeaderViewModel.swift */ = {isa = PBXFileReference; fileEncoding = 4; lastKnownFileType = sourcecode.swift; path = HomeCollectionViewHeaderViewModel.swift; sourceTree = "<group>"; };
		4E88F9DA29B6CF0100EDC916 /* HomeCellViewModel.swift */ = {isa = PBXFileReference; fileEncoding = 4; lastKnownFileType = sourcecode.swift; path = HomeCellViewModel.swift; sourceTree = "<group>"; };
		4E88F9DD29B6CF0100EDC916 /* HomeCollectionViewCell.swift */ = {isa = PBXFileReference; fileEncoding = 4; lastKnownFileType = sourcecode.swift; path = HomeCollectionViewCell.swift; sourceTree = "<group>"; };
		4E88F9DE29B6CF0100EDC916 /* HomeCollectionHeaderView.swift */ = {isa = PBXFileReference; fileEncoding = 4; lastKnownFileType = sourcecode.swift; path = HomeCollectionHeaderView.swift; sourceTree = "<group>"; };
		4E88F9DF29B6CF0100EDC916 /* HomeInsideCollectionViewCell.swift */ = {isa = PBXFileReference; fileEncoding = 4; lastKnownFileType = sourcecode.swift; path = HomeInsideCollectionViewCell.swift; sourceTree = "<group>"; };
		4E88F9E029B6CF0100EDC916 /* HomeInsideFlowLayout.swift */ = {isa = PBXFileReference; fileEncoding = 4; lastKnownFileType = sourcecode.swift; path = HomeInsideFlowLayout.swift; sourceTree = "<group>"; };
		4E88F9E229B6CF0100EDC916 /* HomeView.swift */ = {isa = PBXFileReference; fileEncoding = 4; lastKnownFileType = sourcecode.swift; path = HomeView.swift; sourceTree = "<group>"; };
		4E88F9E329B6CF0100EDC916 /* HomeViewController.swift */ = {isa = PBXFileReference; fileEncoding = 4; lastKnownFileType = sourcecode.swift; path = HomeViewController.swift; sourceTree = "<group>"; };
		4E88F9E629B6CF0100EDC916 /* ScrollView + Extension.swift */ = {isa = PBXFileReference; fileEncoding = 4; lastKnownFileType = sourcecode.swift; path = "ScrollView + Extension.swift"; sourceTree = "<group>"; };
		4E88F9E829B6CF0100EDC916 /* APIIndex.swift */ = {isa = PBXFileReference; fileEncoding = 4; lastKnownFileType = sourcecode.swift; path = APIIndex.swift; sourceTree = "<group>"; };
		4E88F9EA29B6CF0100EDC916 /* BaseProtocol.swift */ = {isa = PBXFileReference; fileEncoding = 4; lastKnownFileType = sourcecode.swift; path = BaseProtocol.swift; sourceTree = "<group>"; };
		4E88F9EC29B6CF0100EDC916 /* DecodeError.swift */ = {isa = PBXFileReference; fileEncoding = 4; lastKnownFileType = sourcecode.swift; path = DecodeError.swift; sourceTree = "<group>"; };
		4E88F9EE29B6CF0100EDC916 /* BaseURL.swift */ = {isa = PBXFileReference; fileEncoding = 4; lastKnownFileType = sourcecode.swift; path = BaseURL.swift; sourceTree = "<group>"; };
		4E88F9EF29B6CF0100EDC916 /* BaseView.swift */ = {isa = PBXFileReference; fileEncoding = 4; lastKnownFileType = sourcecode.swift; path = BaseView.swift; sourceTree = "<group>"; };
		4E88FA1B29B6D09200EDC916 /* APIKey.swift */ = {isa = PBXFileReference; lastKnownFileType = sourcecode.swift; path = APIKey.swift; sourceTree = "<group>"; };
		4E88FA2329B7078400EDC916 /* BookMarkView.swift */ = {isa = PBXFileReference; lastKnownFileType = sourcecode.swift; path = BookMarkView.swift; sourceTree = "<group>"; };
		4E88FA2529B70A3E00EDC916 /* BookMarkViewModel.swift */ = {isa = PBXFileReference; lastKnownFileType = sourcecode.swift; path = BookMarkViewModel.swift; sourceTree = "<group>"; };
		4E88FA2729B742EB00EDC916 /* BookMarkCollectionViewCell.swift */ = {isa = PBXFileReference; lastKnownFileType = sourcecode.swift; path = BookMarkCollectionViewCell.swift; sourceTree = "<group>"; };
		4E9F5C2429726F4F00BE6733 /* MovieDiary.app */ = {isa = PBXFileReference; explicitFileType = wrapper.application; includeInIndex = 0; path = MovieDiary.app; sourceTree = BUILT_PRODUCTS_DIR; };
		4EB74B222992319C00911D39 /* .swiftlint.yml */ = {isa = PBXFileReference; lastKnownFileType = text.yaml; path = .swiftlint.yml; sourceTree = "<group>"; };
		4EED16BB29BADA0C009C321C /* CalendarView.swift */ = {isa = PBXFileReference; lastKnownFileType = sourcecode.swift; path = CalendarView.swift; sourceTree = "<group>"; };
		4EED16F129BAE853009C321C /* CalendarViewModel.swift */ = {isa = PBXFileReference; lastKnownFileType = sourcecode.swift; path = CalendarViewModel.swift; sourceTree = "<group>"; };
/* End PBXFileReference section */

/* Begin PBXFrameworksBuildPhase section */
		4E9F5C2129726F4F00BE6733 /* Frameworks */ = {
			isa = PBXFrameworksBuildPhase;
			buildActionMask = 2147483647;
			files = (
				4E88FA1829B6CFEF00EDC916 /* Realm in Frameworks */,
				4E88FA1F29B6D45600EDC916 /* Alamofire in Frameworks */,
				4E96BC7E297538D30011779B /* Kingfisher in Frameworks */,
				4E88FA1A29B6CFEF00EDC916 /* RealmSwift in Frameworks */,
				4EE02AFA298CD7D700D44658 /* RxSwift in Frameworks */,
				4EED16BF29BADB02009C321C /* FSCalendar in Frameworks */,
				4EE02AF8298CD7D700D44658 /* RxCocoa in Frameworks */,
				4E9F5C4F297299D400BE6733 /* SnapKit in Frameworks */,
			);
			runOnlyForDeploymentPostprocessing = 0;
		};
/* End PBXFrameworksBuildPhase section */

/* Begin PBXGroup section */
		4E88F9A029B6CEE900EDC916 /* Resources */ = {
			isa = PBXGroup;
			children = (
				4E88F9A129B6CEE900EDC916 /* Assets.xcassets */,
				4E88F9A229B6CEE900EDC916 /* LaunchScreen.storyboard */,
				4E88F9A429B6CEE900EDC916 /* Info.plist */,
			);
			path = Resources;
			sourceTree = "<group>";
		};
		4E88F9A829B6CF0100EDC916 /* Sources */ = {
			isa = PBXGroup;
			children = (
				4E88F9A929B6CF0100EDC916 /* Database */,
				4E88F9AB29B6CF0100EDC916 /* Network */,
				4E88F9B329B6CF0100EDC916 /* Applications */,
				4E88F9B629B6CF0100EDC916 /* Scene */,
				4E88F9E429B6CF0100EDC916 /* Utility */,
			);
			path = Sources;
			sourceTree = "<group>";
		};
		4E88F9A929B6CF0100EDC916 /* Database */ = {
			isa = PBXGroup;
			children = (
				4E88F9AA29B6CF0100EDC916 /* Realm.swift */,
			);
			path = Database;
			sourceTree = "<group>";
		};
		4E88F9AB29B6CF0100EDC916 /* Network */ = {
			isa = PBXGroup;
			children = (
				4E88FA1B29B6D09200EDC916 /* APIKey.swift */,
				4E88F9B229B6CF0100EDC916 /* EndPoint.swift */,
				4E88F9AC29B6CF0100EDC916 /* Model */,
			);
			path = Network;
			sourceTree = "<group>";
		};
		4E88F9AC29B6CF0100EDC916 /* Model */ = {
			isa = PBXGroup;
			children = (
				4E88F9AD29B6CF0100EDC916 /* HomeAPIManager.swift */,
				4E88F9AE29B6CF0100EDC916 /* SearchDetailModel.swift */,
				4E88F9AF29B6CF0100EDC916 /* CreditsModel.swift */,
				4E88F9B029B6CF0100EDC916 /* ResponseDataModel.swift */,
				4E88F9B129B6CF0100EDC916 /* ResultModel.swift */,
			);
			path = Model;
			sourceTree = "<group>";
		};
		4E88F9B329B6CF0100EDC916 /* Applications */ = {
			isa = PBXGroup;
			children = (
				4E88F9B429B6CF0100EDC916 /* AppDelegate.swift */,
				4E88F9B529B6CF0100EDC916 /* SceneDelegate.swift */,
			);
			path = Applications;
			sourceTree = "<group>";
		};
		4E88F9B629B6CF0100EDC916 /* Scene */ = {
			isa = PBXGroup;
			children = (
				4E88F9B729B6CF0100EDC916 /* WriteScene */,
				4E88F9BD29B6CF0100EDC916 /* SearchScene */,
				4E88F9CA29B6CF0100EDC916 /* TabBar */,
				4E88F9CE29B6CF0100EDC916 /* BookMarkScene */,
				4E88F9D229B6CF0100EDC916 /* CalendarScene */,
				4E88F9D629B6CF0100EDC916 /* HomeScene */,
			);
			path = Scene;
			sourceTree = "<group>";
		};
		4E88F9B729B6CF0100EDC916 /* WriteScene */ = {
			isa = PBXGroup;
			children = (
				4E88F9B829B6CF0100EDC916 /* ViewModel */,
				4E88F9BA29B6CF0100EDC916 /* View */,
			);
			path = WriteScene;
			sourceTree = "<group>";
		};
		4E88F9B829B6CF0100EDC916 /* ViewModel */ = {
			isa = PBXGroup;
			children = (
				4E88F9B929B6CF0100EDC916 /* WriteViewModel.swift */,
			);
			path = ViewModel;
			sourceTree = "<group>";
		};
		4E88F9BA29B6CF0100EDC916 /* View */ = {
			isa = PBXGroup;
			children = (
				4E88F9BB29B6CF0100EDC916 /* WriteViewController.swift */,
				4E88F9BC29B6CF0100EDC916 /* WriteView.swift */,
			);
			path = View;
			sourceTree = "<group>";
		};
		4E88F9BD29B6CF0100EDC916 /* SearchScene */ = {
			isa = PBXGroup;
			children = (
				4E88F9BE29B6CF0100EDC916 /* ViewModel */,
				4E88F9C129B6CF0100EDC916 /* View */,
			);
			path = SearchScene;
			sourceTree = "<group>";
		};
		4E88F9BE29B6CF0100EDC916 /* ViewModel */ = {
			isa = PBXGroup;
			children = (
				4E88F9BF29B6CF0100EDC916 /* SearchViewModel.swift */,
				4E88F9C029B6CF0100EDC916 /* SearchDetailViewModel.swift */,
			);
			path = ViewModel;
			sourceTree = "<group>";
		};
		4E88F9C129B6CF0100EDC916 /* View */ = {
			isa = PBXGroup;
			children = (
				4E88F9C529B6CF0100EDC916 /* Main */,
				4E88F9C229B6CF0100EDC916 /* Sub */,
			);
			path = View;
			sourceTree = "<group>";
		};
		4E88F9C229B6CF0100EDC916 /* Sub */ = {
			isa = PBXGroup;
			children = (
				4E88F9C329B6CF0100EDC916 /* CastCollectionViewCell.swift */,
				4E88F9C429B6CF0100EDC916 /* SearchResultCollectionViewCell.swift */,
			);
			path = Sub;
			sourceTree = "<group>";
		};
		4E88F9C529B6CF0100EDC916 /* Main */ = {
			isa = PBXGroup;
			children = (
				4E88F9C629B6CF0100EDC916 /* SearchDetailView.swift */,
				4E88F9C729B6CF0100EDC916 /* SearchViewController.swift */,
				4E88F9C829B6CF0100EDC916 /* SearchDetailViewController.swift */,
				4E88F9C929B6CF0100EDC916 /* SearchView.swift */,
			);
			path = Main;
			sourceTree = "<group>";
		};
		4E88F9CA29B6CF0100EDC916 /* TabBar */ = {
			isa = PBXGroup;
			children = (
				4E88F9CB29B6CF0100EDC916 /* View */,
			);
			path = TabBar;
			sourceTree = "<group>";
		};
		4E88F9CB29B6CF0100EDC916 /* View */ = {
			isa = PBXGroup;
			children = (
				4E88F9CC29B6CF0100EDC916 /* Main */,
			);
			path = View;
			sourceTree = "<group>";
		};
		4E88F9CC29B6CF0100EDC916 /* Main */ = {
			isa = PBXGroup;
			children = (
				4E88F9CD29B6CF0100EDC916 /* TabBarViewController.swift */,
			);
			path = Main;
			sourceTree = "<group>";
		};
		4E88F9CE29B6CF0100EDC916 /* BookMarkScene */ = {
			isa = PBXGroup;
			children = (
				4E88FA2229B7076A00EDC916 /* ViewModel */,
				4E88F9CF29B6CF0100EDC916 /* View */,
			);
			path = BookMarkScene;
			sourceTree = "<group>";
		};
		4E88F9CF29B6CF0100EDC916 /* View */ = {
			isa = PBXGroup;
			children = (
				4E88F9D029B6CF0100EDC916 /* Main */,
			);
			path = View;
			sourceTree = "<group>";
		};
		4E88F9D029B6CF0100EDC916 /* Main */ = {
			isa = PBXGroup;
			children = (
				4E88F9D129B6CF0100EDC916 /* BookMarkViewController.swift */,
				4E88FA2329B7078400EDC916 /* BookMarkView.swift */,
				4E88FA2729B742EB00EDC916 /* BookMarkCollectionViewCell.swift */,
			);
			path = Main;
			sourceTree = "<group>";
		};
		4E88F9D229B6CF0100EDC916 /* CalendarScene */ = {
			isa = PBXGroup;
			children = (
				4EED16F029BAE840009C321C /* ViewModel */,
				4E88F9D329B6CF0100EDC916 /* View */,
			);
			path = CalendarScene;
			sourceTree = "<group>";
		};
		4E88F9D329B6CF0100EDC916 /* View */ = {
			isa = PBXGroup;
			children = (
				4E88F9D429B6CF0100EDC916 /* Main */,
			);
			path = View;
			sourceTree = "<group>";
		};
		4E88F9D429B6CF0100EDC916 /* Main */ = {
			isa = PBXGroup;
			children = (
				4E88F9D529B6CF0100EDC916 /* CalendarViewController.swift */,
				4EED16BB29BADA0C009C321C /* CalendarView.swift */,
			);
			path = Main;
			sourceTree = "<group>";
		};
		4E88F9D629B6CF0100EDC916 /* HomeScene */ = {
			isa = PBXGroup;
			children = (
				4E88F9D729B6CF0100EDC916 /* ViewModel */,
				4E88F9DB29B6CF0100EDC916 /* View */,
			);
			path = HomeScene;
			sourceTree = "<group>";
		};
		4E88F9D729B6CF0100EDC916 /* ViewModel */ = {
			isa = PBXGroup;
			children = (
				4E88F9D829B6CF0100EDC916 /* HomeViewModel.swift */,
				4E88F9D929B6CF0100EDC916 /* HomeCollectionViewHeaderViewModel.swift */,
				4E88F9DA29B6CF0100EDC916 /* HomeCellViewModel.swift */,
			);
			path = ViewModel;
			sourceTree = "<group>";
		};
		4E88F9DB29B6CF0100EDC916 /* View */ = {
			isa = PBXGroup;
			children = (
				4E88F9E129B6CF0100EDC916 /* Main */,
				4E88F9DC29B6CF0100EDC916 /* SubView */,
			);
			path = View;
			sourceTree = "<group>";
		};
		4E88F9DC29B6CF0100EDC916 /* SubView */ = {
			isa = PBXGroup;
			children = (
				4E88F9DD29B6CF0100EDC916 /* HomeCollectionViewCell.swift */,
				4E88F9DE29B6CF0100EDC916 /* HomeCollectionHeaderView.swift */,
				4E88F9DF29B6CF0100EDC916 /* HomeInsideCollectionViewCell.swift */,
				4E88F9E029B6CF0100EDC916 /* HomeInsideFlowLayout.swift */,
			);
			path = SubView;
			sourceTree = "<group>";
		};
		4E88F9E129B6CF0100EDC916 /* Main */ = {
			isa = PBXGroup;
			children = (
				4E88F9E229B6CF0100EDC916 /* HomeView.swift */,
				4E88F9E329B6CF0100EDC916 /* HomeViewController.swift */,
			);
			path = Main;
			sourceTree = "<group>";
		};
		4E88F9E429B6CF0100EDC916 /* Utility */ = {
			isa = PBXGroup;
			children = (
				4E88F9E529B6CF0100EDC916 /* Extension */,
				4E88F9E729B6CF0100EDC916 /* APIIndex */,
				4E88F9E929B6CF0100EDC916 /* Protocol */,
				4E88F9EB29B6CF0100EDC916 /* Error */,
				4E88F9ED29B6CF0100EDC916 /* Base */,
			);
			path = Utility;
			sourceTree = "<group>";
		};
		4E88F9E529B6CF0100EDC916 /* Extension */ = {
			isa = PBXGroup;
			children = (
				4E88F9E629B6CF0100EDC916 /* ScrollView + Extension.swift */,
			);
			path = Extension;
			sourceTree = "<group>";
		};
		4E88F9E729B6CF0100EDC916 /* APIIndex */ = {
			isa = PBXGroup;
			children = (
				4E88F9E829B6CF0100EDC916 /* APIIndex.swift */,
			);
			path = APIIndex;
			sourceTree = "<group>";
		};
		4E88F9E929B6CF0100EDC916 /* Protocol */ = {
			isa = PBXGroup;
			children = (
				4E88F9EA29B6CF0100EDC916 /* BaseProtocol.swift */,
			);
			path = Protocol;
			sourceTree = "<group>";
		};
		4E88F9EB29B6CF0100EDC916 /* Error */ = {
			isa = PBXGroup;
			children = (
				4E88F9EC29B6CF0100EDC916 /* DecodeError.swift */,
			);
			path = Error;
			sourceTree = "<group>";
		};
		4E88F9ED29B6CF0100EDC916 /* Base */ = {
			isa = PBXGroup;
			children = (
				4E88F9EE29B6CF0100EDC916 /* BaseURL.swift */,
				4E88F9EF29B6CF0100EDC916 /* BaseView.swift */,
			);
			path = Base;
			sourceTree = "<group>";
		};
		4E88FA2229B7076A00EDC916 /* ViewModel */ = {
			isa = PBXGroup;
			children = (
				4E88FA2529B70A3E00EDC916 /* BookMarkViewModel.swift */,
			);
			path = ViewModel;
			sourceTree = "<group>";
		};
		4E9F5C1B29726F4F00BE6733 = {
			isa = PBXGroup;
			children = (
				4EB74B222992319C00911D39 /* .swiftlint.yml */,
				4E34ABB729729C78001603ED /* .gitignore */,
				4E9F5C2629726F4F00BE6733 /* MovieDiary */,
				4E9F5C2529726F4F00BE6733 /* Products */,
			);
			sourceTree = "<group>";
		};
		4E9F5C2529726F4F00BE6733 /* Products */ = {
			isa = PBXGroup;
			children = (
				4E9F5C2429726F4F00BE6733 /* MovieDiary.app */,
			);
			name = Products;
			sourceTree = "<group>";
		};
		4E9F5C2629726F4F00BE6733 /* MovieDiary */ = {
			isa = PBXGroup;
			children = (
				4E88F9A029B6CEE900EDC916 /* Resources */,
				4E88F9A829B6CF0100EDC916 /* Sources */,
			);
			path = MovieDiary;
			sourceTree = "<group>";
		};
		4EED16F029BAE840009C321C /* ViewModel */ = {
			isa = PBXGroup;
			children = (
				4EED16F129BAE853009C321C /* CalendarViewModel.swift */,
			);
			path = ViewModel;
			sourceTree = "<group>";
		};
/* End PBXGroup section */

/* Begin PBXNativeTarget section */
		4E9F5C2329726F4F00BE6733 /* MovieDiary */ = {
			isa = PBXNativeTarget;
			buildConfigurationList = 4E9F5C3829726F5200BE6733 /* Build configuration list for PBXNativeTarget "MovieDiary" */;
			buildPhases = (
				4E9F5C2029726F4F00BE6733 /* Sources */,
				4E9F5C2129726F4F00BE6733 /* Frameworks */,
				4E9F5C2229726F4F00BE6733 /* Resources */,
				4EB74B24299231FE00911D39 /* SwiftLint Script */,
			);
			buildRules = (
			);
			dependencies = (
			);
			name = MovieDiary;
			packageProductDependencies = (
				4E9F5C4E297299D400BE6733 /* SnapKit */,
				4E96BC7D297538D30011779B /* Kingfisher */,
				4EE02AF7298CD7D700D44658 /* RxCocoa */,
				4EE02AF9298CD7D700D44658 /* RxSwift */,
				4E88FA1729B6CFEF00EDC916 /* Realm */,
				4E88FA1929B6CFEF00EDC916 /* RealmSwift */,
				4E88FA1E29B6D45600EDC916 /* Alamofire */,
				4EED16BE29BADB02009C321C /* FSCalendar */,
			);
			productName = MovieDiary;
			productReference = 4E9F5C2429726F4F00BE6733 /* MovieDiary.app */;
			productType = "com.apple.product-type.application";
		};
/* End PBXNativeTarget section */

/* Begin PBXProject section */
		4E9F5C1C29726F4F00BE6733 /* Project object */ = {
			isa = PBXProject;
			attributes = {
				BuildIndependentTargetsInParallel = 1;
				LastSwiftUpdateCheck = 1420;
				LastUpgradeCheck = 1420;
				TargetAttributes = {
					4E9F5C2329726F4F00BE6733 = {
						CreatedOnToolsVersion = 14.2;
					};
				};
			};
			buildConfigurationList = 4E9F5C1F29726F4F00BE6733 /* Build configuration list for PBXProject "MovieDiary" */;
			compatibilityVersion = "Xcode 14.0";
			developmentRegion = en;
			hasScannedForEncodings = 0;
			knownRegions = (
				en,
				Base,
			);
			mainGroup = 4E9F5C1B29726F4F00BE6733;
			packageReferences = (
				4E9F5C4D297299D400BE6733 /* XCRemoteSwiftPackageReference "SnapKit" */,
				4E96BC7C297538D30011779B /* XCRemoteSwiftPackageReference "Kingfisher" */,
				4EE02AF6298CD7D700D44658 /* XCRemoteSwiftPackageReference "RxSwift" */,
				4E88FA1629B6CFEF00EDC916 /* XCRemoteSwiftPackageReference "realm-swift" */,
				4E88FA1D29B6D45600EDC916 /* XCRemoteSwiftPackageReference "Alamofire" */,
				4EED16BD29BADB02009C321C /* XCRemoteSwiftPackageReference "FSCalendar" */,
			);
			productRefGroup = 4E9F5C2529726F4F00BE6733 /* Products */;
			projectDirPath = "";
			projectRoot = "";
			targets = (
				4E9F5C2329726F4F00BE6733 /* MovieDiary */,
			);
		};
/* End PBXProject section */

/* Begin PBXResourcesBuildPhase section */
		4E9F5C2229726F4F00BE6733 /* Resources */ = {
			isa = PBXResourcesBuildPhase;
			buildActionMask = 2147483647;
			files = (
				4E88FA2129B6D5BD00EDC916 /* APIKey.swift in Resources */,
				4EB74B232992319C00911D39 /* .swiftlint.yml in Resources */,
				4E34ABB829729C78001603ED /* .gitignore in Resources */,
			);
			runOnlyForDeploymentPostprocessing = 0;
		};
/* End PBXResourcesBuildPhase section */

/* Begin PBXShellScriptBuildPhase section */
		4EB74B24299231FE00911D39 /* SwiftLint Script */ = {
			isa = PBXShellScriptBuildPhase;
			buildActionMask = 2147483647;
			files = (
			);
			inputFileListPaths = (
			);
			inputPaths = (
			);
			name = "SwiftLint Script";
			outputFileListPaths = (
			);
			outputPaths = (
			);
			runOnlyForDeploymentPostprocessing = 0;
			shellPath = /bin/sh;
			shellScript = "export PATH=\"$PATH:/opt/homebrew/bin\"\nif which swiftlint > /dev/null; then\n  swiftlint\nelse\n  echo \"warning: SwiftLint not installed, download from https://github.com/realm/SwiftLint\"\nfi\n";
		};
/* End PBXShellScriptBuildPhase section */

/* Begin PBXSourcesBuildPhase section */
		4E9F5C2029726F4F00BE6733 /* Sources */ = {
			isa = PBXSourcesBuildPhase;
			buildActionMask = 2147483647;
			files = (
				4E88F9F429B6CF0100EDC916 /* ResponseDataModel.swift in Sources */,
				4E88FA0929B6CF0100EDC916 /* HomeCellViewModel.swift in Sources */,
				4E88FA1029B6CF0100EDC916 /* ScrollView + Extension.swift in Sources */,
				4E88FA0E29B6CF0100EDC916 /* HomeView.swift in Sources */,
				4E88FA1529B6CF0100EDC916 /* BaseView.swift in Sources */,
				4E88FA0B29B6CF0100EDC916 /* HomeCollectionHeaderView.swift in Sources */,
				4E88F9FD29B6CF0100EDC916 /* SearchDetailViewModel.swift in Sources */,
				4E88F9FC29B6CF0100EDC916 /* SearchViewModel.swift in Sources */,
				4E88FA1429B6CF0100EDC916 /* BaseURL.swift in Sources */,
				4E88F9F729B6CF0100EDC916 /* AppDelegate.swift in Sources */,
				4E88FA2829B742EB00EDC916 /* BookMarkCollectionViewCell.swift in Sources */,
				4E88F9F629B6CF0100EDC916 /* EndPoint.swift in Sources */,
				4E88F9F129B6CF0100EDC916 /* HomeAPIManager.swift in Sources */,
				4E88F9F329B6CF0100EDC916 /* CreditsModel.swift in Sources */,
				4E88FA0D29B6CF0100EDC916 /* HomeInsideFlowLayout.swift in Sources */,
				4E88FA1129B6CF0100EDC916 /* APIIndex.swift in Sources */,
				4E88F9FA29B6CF0100EDC916 /* WriteViewController.swift in Sources */,
				4E88FA1229B6CF0100EDC916 /* BaseProtocol.swift in Sources */,
				4E88F9F929B6CF0100EDC916 /* WriteViewModel.swift in Sources */,
				4E88F9F029B6CF0100EDC916 /* Realm.swift in Sources */,
				4EED16F229BAE853009C321C /* CalendarViewModel.swift in Sources */,
				4E88F9F229B6CF0100EDC916 /* SearchDetailModel.swift in Sources */,
				4E88FA0C29B6CF0100EDC916 /* HomeInsideCollectionViewCell.swift in Sources */,
				4E88FA0329B6CF0100EDC916 /* SearchView.swift in Sources */,
				4E88F9F829B6CF0100EDC916 /* SceneDelegate.swift in Sources */,
				4E88FA0F29B6CF0100EDC916 /* HomeViewController.swift in Sources */,
				4E88F9FB29B6CF0100EDC916 /* WriteView.swift in Sources */,
				4E88FA0629B6CF0100EDC916 /* CalendarViewController.swift in Sources */,
				4E88FA0229B6CF0100EDC916 /* SearchDetailViewController.swift in Sources */,
				4E88FA0129B6CF0100EDC916 /* SearchViewController.swift in Sources */,
				4E88F9FE29B6CF0100EDC916 /* CastCollectionViewCell.swift in Sources */,
				4E88FA2629B70A3E00EDC916 /* BookMarkViewModel.swift in Sources */,
				4E88FA0829B6CF0100EDC916 /* HomeCollectionViewHeaderViewModel.swift in Sources */,
				4E88FA0029B6CF0100EDC916 /* SearchDetailView.swift in Sources */,
				4E88F9F529B6CF0100EDC916 /* ResultModel.swift in Sources */,
				4E88FA0729B6CF0100EDC916 /* HomeViewModel.swift in Sources */,
				4E88FA1329B6CF0100EDC916 /* DecodeError.swift in Sources */,
				4E88FA0A29B6CF0100EDC916 /* HomeCollectionViewCell.swift in Sources */,
				4E88FA0429B6CF0100EDC916 /* TabBarViewController.swift in Sources */,
				4E88FA0529B6CF0100EDC916 /* BookMarkViewController.swift in Sources */,
				4E88FA1C29B6D09200EDC916 /* APIKey.swift in Sources */,
				4E88FA2429B7078400EDC916 /* BookMarkView.swift in Sources */,
				4EED16BC29BADA0C009C321C /* CalendarView.swift in Sources */,
				4E88F9FF29B6CF0100EDC916 /* SearchResultCollectionViewCell.swift in Sources */,
			);
			runOnlyForDeploymentPostprocessing = 0;
		};
/* End PBXSourcesBuildPhase section */

/* Begin PBXVariantGroup section */
		4E88F9A229B6CEE900EDC916 /* LaunchScreen.storyboard */ = {
			isa = PBXVariantGroup;
			children = (
				4E88F9A329B6CEE900EDC916 /* Base */,
			);
			name = LaunchScreen.storyboard;
			sourceTree = "<group>";
		};
/* End PBXVariantGroup section */

/* Begin XCBuildConfiguration section */
		4E9F5C3629726F5200BE6733 /* Debug */ = {
			isa = XCBuildConfiguration;
			buildSettings = {
				ALWAYS_SEARCH_USER_PATHS = NO;
				CLANG_ANALYZER_NONNULL = YES;
				CLANG_ANALYZER_NUMBER_OBJECT_CONVERSION = YES_AGGRESSIVE;
				CLANG_CXX_LANGUAGE_STANDARD = "gnu++20";
				CLANG_ENABLE_MODULES = YES;
				CLANG_ENABLE_OBJC_ARC = YES;
				CLANG_ENABLE_OBJC_WEAK = YES;
				CLANG_WARN_BLOCK_CAPTURE_AUTORELEASING = YES;
				CLANG_WARN_BOOL_CONVERSION = YES;
				CLANG_WARN_COMMA = YES;
				CLANG_WARN_CONSTANT_CONVERSION = YES;
				CLANG_WARN_DEPRECATED_OBJC_IMPLEMENTATIONS = YES;
				CLANG_WARN_DIRECT_OBJC_ISA_USAGE = YES_ERROR;
				CLANG_WARN_DOCUMENTATION_COMMENTS = YES;
				CLANG_WARN_EMPTY_BODY = YES;
				CLANG_WARN_ENUM_CONVERSION = YES;
				CLANG_WARN_INFINITE_RECURSION = YES;
				CLANG_WARN_INT_CONVERSION = YES;
				CLANG_WARN_NON_LITERAL_NULL_CONVERSION = YES;
				CLANG_WARN_OBJC_IMPLICIT_RETAIN_SELF = YES;
				CLANG_WARN_OBJC_LITERAL_CONVERSION = YES;
				CLANG_WARN_OBJC_ROOT_CLASS = YES_ERROR;
				CLANG_WARN_QUOTED_INCLUDE_IN_FRAMEWORK_HEADER = YES;
				CLANG_WARN_RANGE_LOOP_ANALYSIS = YES;
				CLANG_WARN_STRICT_PROTOTYPES = YES;
				CLANG_WARN_SUSPICIOUS_MOVE = YES;
				CLANG_WARN_UNGUARDED_AVAILABILITY = YES_AGGRESSIVE;
				CLANG_WARN_UNREACHABLE_CODE = YES;
				CLANG_WARN__DUPLICATE_METHOD_MATCH = YES;
				COPY_PHASE_STRIP = NO;
				DEBUG_INFORMATION_FORMAT = dwarf;
				ENABLE_STRICT_OBJC_MSGSEND = YES;
				ENABLE_TESTABILITY = YES;
				GCC_C_LANGUAGE_STANDARD = gnu11;
				GCC_DYNAMIC_NO_PIC = NO;
				GCC_NO_COMMON_BLOCKS = YES;
				GCC_OPTIMIZATION_LEVEL = 0;
				GCC_PREPROCESSOR_DEFINITIONS = (
					"DEBUG=1",
					"$(inherited)",
				);
				GCC_WARN_64_TO_32_BIT_CONVERSION = YES;
				GCC_WARN_ABOUT_RETURN_TYPE = YES_ERROR;
				GCC_WARN_UNDECLARED_SELECTOR = YES;
				GCC_WARN_UNINITIALIZED_AUTOS = YES_AGGRESSIVE;
				GCC_WARN_UNUSED_FUNCTION = YES;
				GCC_WARN_UNUSED_VARIABLE = YES;
				IPHONEOS_DEPLOYMENT_TARGET = 15.0;
				MTL_ENABLE_DEBUG_INFO = INCLUDE_SOURCE;
				MTL_FAST_MATH = YES;
				ONLY_ACTIVE_ARCH = YES;
				SDKROOT = iphoneos;
				SWIFT_ACTIVE_COMPILATION_CONDITIONS = DEBUG;
				SWIFT_OPTIMIZATION_LEVEL = "-Onone";
			};
			name = Debug;
		};
		4E9F5C3729726F5200BE6733 /* Release */ = {
			isa = XCBuildConfiguration;
			buildSettings = {
				ALWAYS_SEARCH_USER_PATHS = NO;
				CLANG_ANALYZER_NONNULL = YES;
				CLANG_ANALYZER_NUMBER_OBJECT_CONVERSION = YES_AGGRESSIVE;
				CLANG_CXX_LANGUAGE_STANDARD = "gnu++20";
				CLANG_ENABLE_MODULES = YES;
				CLANG_ENABLE_OBJC_ARC = YES;
				CLANG_ENABLE_OBJC_WEAK = YES;
				CLANG_WARN_BLOCK_CAPTURE_AUTORELEASING = YES;
				CLANG_WARN_BOOL_CONVERSION = YES;
				CLANG_WARN_COMMA = YES;
				CLANG_WARN_CONSTANT_CONVERSION = YES;
				CLANG_WARN_DEPRECATED_OBJC_IMPLEMENTATIONS = YES;
				CLANG_WARN_DIRECT_OBJC_ISA_USAGE = YES_ERROR;
				CLANG_WARN_DOCUMENTATION_COMMENTS = YES;
				CLANG_WARN_EMPTY_BODY = YES;
				CLANG_WARN_ENUM_CONVERSION = YES;
				CLANG_WARN_INFINITE_RECURSION = YES;
				CLANG_WARN_INT_CONVERSION = YES;
				CLANG_WARN_NON_LITERAL_NULL_CONVERSION = YES;
				CLANG_WARN_OBJC_IMPLICIT_RETAIN_SELF = YES;
				CLANG_WARN_OBJC_LITERAL_CONVERSION = YES;
				CLANG_WARN_OBJC_ROOT_CLASS = YES_ERROR;
				CLANG_WARN_QUOTED_INCLUDE_IN_FRAMEWORK_HEADER = YES;
				CLANG_WARN_RANGE_LOOP_ANALYSIS = YES;
				CLANG_WARN_STRICT_PROTOTYPES = YES;
				CLANG_WARN_SUSPICIOUS_MOVE = YES;
				CLANG_WARN_UNGUARDED_AVAILABILITY = YES_AGGRESSIVE;
				CLANG_WARN_UNREACHABLE_CODE = YES;
				CLANG_WARN__DUPLICATE_METHOD_MATCH = YES;
				COPY_PHASE_STRIP = NO;
				DEBUG_INFORMATION_FORMAT = "dwarf-with-dsym";
				ENABLE_NS_ASSERTIONS = NO;
				ENABLE_STRICT_OBJC_MSGSEND = YES;
				GCC_C_LANGUAGE_STANDARD = gnu11;
				GCC_NO_COMMON_BLOCKS = YES;
				GCC_WARN_64_TO_32_BIT_CONVERSION = YES;
				GCC_WARN_ABOUT_RETURN_TYPE = YES_ERROR;
				GCC_WARN_UNDECLARED_SELECTOR = YES;
				GCC_WARN_UNINITIALIZED_AUTOS = YES_AGGRESSIVE;
				GCC_WARN_UNUSED_FUNCTION = YES;
				GCC_WARN_UNUSED_VARIABLE = YES;
				IPHONEOS_DEPLOYMENT_TARGET = 15.0;
				MTL_ENABLE_DEBUG_INFO = NO;
				MTL_FAST_MATH = YES;
				SDKROOT = iphoneos;
				SWIFT_COMPILATION_MODE = wholemodule;
				SWIFT_OPTIMIZATION_LEVEL = "-O";
				VALIDATE_PRODUCT = YES;
			};
			name = Release;
		};
		4E9F5C3929726F5200BE6733 /* Debug */ = {
			isa = XCBuildConfiguration;
			buildSettings = {
				ASSETCATALOG_COMPILER_APPICON_NAME = AppIcon;
				ASSETCATALOG_COMPILER_GLOBAL_ACCENT_COLOR_NAME = AccentColor;
				CODE_SIGN_STYLE = Automatic;
				CURRENT_PROJECT_VERSION = 1;
				DEVELOPMENT_TEAM = 4TP5C45KH5;
				GENERATE_INFOPLIST_FILE = YES;
				INFOPLIST_FILE = MovieDiary/Resources/Info.plist;
				INFOPLIST_KEY_UIApplicationSupportsIndirectInputEvents = YES;
				INFOPLIST_KEY_UILaunchStoryboardName = LaunchScreen;
				INFOPLIST_KEY_UISupportedInterfaceOrientations_iPad = "UIInterfaceOrientationPortrait UIInterfaceOrientationPortraitUpsideDown UIInterfaceOrientationLandscapeLeft UIInterfaceOrientationLandscapeRight";
				INFOPLIST_KEY_UISupportedInterfaceOrientations_iPhone = "UIInterfaceOrientationPortrait UIInterfaceOrientationLandscapeLeft UIInterfaceOrientationLandscapeRight";
				LD_RUNPATH_SEARCH_PATHS = (
					"$(inherited)",
					"@executable_path/Frameworks",
				);
				MARKETING_VERSION = 1.0;
				PRODUCT_BUNDLE_IDENTIFIER = com.sihyun.MovieDiary;
				PRODUCT_NAME = "$(TARGET_NAME)";
				SUPPORTED_PLATFORMS = "iphoneos iphonesimulator";
				SUPPORTS_MACCATALYST = NO;
				SUPPORTS_MAC_DESIGNED_FOR_IPHONE_IPAD = NO;
				SWIFT_EMIT_LOC_STRINGS = YES;
				SWIFT_VERSION = 5.0;
				TARGETED_DEVICE_FAMILY = 1;
			};
			name = Debug;
		};
		4E9F5C3A29726F5200BE6733 /* Release */ = {
			isa = XCBuildConfiguration;
			buildSettings = {
				ASSETCATALOG_COMPILER_APPICON_NAME = AppIcon;
				ASSETCATALOG_COMPILER_GLOBAL_ACCENT_COLOR_NAME = AccentColor;
				CODE_SIGN_STYLE = Automatic;
				CURRENT_PROJECT_VERSION = 1;
				DEVELOPMENT_TEAM = 4TP5C45KH5;
				GENERATE_INFOPLIST_FILE = YES;
				INFOPLIST_FILE = MovieDiary/Resources/Info.plist;
				INFOPLIST_KEY_UIApplicationSupportsIndirectInputEvents = YES;
				INFOPLIST_KEY_UILaunchStoryboardName = LaunchScreen;
				INFOPLIST_KEY_UISupportedInterfaceOrientations_iPad = "UIInterfaceOrientationPortrait UIInterfaceOrientationPortraitUpsideDown UIInterfaceOrientationLandscapeLeft UIInterfaceOrientationLandscapeRight";
				INFOPLIST_KEY_UISupportedInterfaceOrientations_iPhone = "UIInterfaceOrientationPortrait UIInterfaceOrientationLandscapeLeft UIInterfaceOrientationLandscapeRight";
				LD_RUNPATH_SEARCH_PATHS = (
					"$(inherited)",
					"@executable_path/Frameworks",
				);
				MARKETING_VERSION = 1.0;
				PRODUCT_BUNDLE_IDENTIFIER = com.sihyun.MovieDiary;
				PRODUCT_NAME = "$(TARGET_NAME)";
				SUPPORTED_PLATFORMS = "iphoneos iphonesimulator";
				SUPPORTS_MACCATALYST = NO;
				SUPPORTS_MAC_DESIGNED_FOR_IPHONE_IPAD = NO;
				SWIFT_EMIT_LOC_STRINGS = YES;
				SWIFT_VERSION = 5.0;
				TARGETED_DEVICE_FAMILY = 1;
			};
			name = Release;
		};
/* End XCBuildConfiguration section */

/* Begin XCConfigurationList section */
		4E9F5C1F29726F4F00BE6733 /* Build configuration list for PBXProject "MovieDiary" */ = {
			isa = XCConfigurationList;
			buildConfigurations = (
				4E9F5C3629726F5200BE6733 /* Debug */,
				4E9F5C3729726F5200BE6733 /* Release */,
			);
			defaultConfigurationIsVisible = 0;
			defaultConfigurationName = Release;
		};
		4E9F5C3829726F5200BE6733 /* Build configuration list for PBXNativeTarget "MovieDiary" */ = {
			isa = XCConfigurationList;
			buildConfigurations = (
				4E9F5C3929726F5200BE6733 /* Debug */,
				4E9F5C3A29726F5200BE6733 /* Release */,
			);
			defaultConfigurationIsVisible = 0;
			defaultConfigurationName = Release;
		};
/* End XCConfigurationList section */

/* Begin XCRemoteSwiftPackageReference section */
		4E88FA1629B6CFEF00EDC916 /* XCRemoteSwiftPackageReference "realm-swift" */ = {
			isa = XCRemoteSwiftPackageReference;
			repositoryURL = "https://github.com/realm/realm-swift.git";
			requirement = {
				kind = upToNextMajorVersion;
				minimumVersion = 10.36.0;
			};
		};
		4E88FA1D29B6D45600EDC916 /* XCRemoteSwiftPackageReference "Alamofire" */ = {
			isa = XCRemoteSwiftPackageReference;
			repositoryURL = "https://github.com/Alamofire/Alamofire.git";
			requirement = {
				kind = upToNextMajorVersion;
				minimumVersion = 5.0.0;
			};
		};
		4E96BC7C297538D30011779B /* XCRemoteSwiftPackageReference "Kingfisher" */ = {
			isa = XCRemoteSwiftPackageReference;
			repositoryURL = "https://github.com/onevcat/Kingfisher.git";
			requirement = {
				kind = upToNextMajorVersion;
				minimumVersion = 7.0.0;
			};
		};
		4E9F5C4D297299D400BE6733 /* XCRemoteSwiftPackageReference "SnapKit" */ = {
			isa = XCRemoteSwiftPackageReference;
			repositoryURL = "https://github.com/SnapKit/SnapKit.git";
			requirement = {
				kind = upToNextMajorVersion;
				minimumVersion = 5.0.0;
			};
		};
		4EE02AF6298CD7D700D44658 /* XCRemoteSwiftPackageReference "RxSwift" */ = {
			isa = XCRemoteSwiftPackageReference;
			repositoryURL = "https://github.com/ReactiveX/RxSwift.git";
			requirement = {
				branch = main;
				kind = branch;
			};
		};
		4EED16BD29BADB02009C321C /* XCRemoteSwiftPackageReference "FSCalendar" */ = {
			isa = XCRemoteSwiftPackageReference;
			repositoryURL = "https://github.com/WenchaoD/FSCalendar.git";
			requirement = {
				kind = upToNextMajorVersion;
				minimumVersion = 2.8.3;
			};
		};
/* End XCRemoteSwiftPackageReference section */

/* Begin XCSwiftPackageProductDependency section */
		4E88FA1729B6CFEF00EDC916 /* Realm */ = {
			isa = XCSwiftPackageProductDependency;
			package = 4E88FA1629B6CFEF00EDC916 /* XCRemoteSwiftPackageReference "realm-swift" */;
			productName = Realm;
		};
		4E88FA1929B6CFEF00EDC916 /* RealmSwift */ = {
			isa = XCSwiftPackageProductDependency;
			package = 4E88FA1629B6CFEF00EDC916 /* XCRemoteSwiftPackageReference "realm-swift" */;
			productName = RealmSwift;
		};
		4E88FA1E29B6D45600EDC916 /* Alamofire */ = {
			isa = XCSwiftPackageProductDependency;
			package = 4E88FA1D29B6D45600EDC916 /* XCRemoteSwiftPackageReference "Alamofire" */;
			productName = Alamofire;
		};
		4E96BC7D297538D30011779B /* Kingfisher */ = {
			isa = XCSwiftPackageProductDependency;
			package = 4E96BC7C297538D30011779B /* XCRemoteSwiftPackageReference "Kingfisher" */;
			productName = Kingfisher;
		};
		4E9F5C4E297299D400BE6733 /* SnapKit */ = {
			isa = XCSwiftPackageProductDependency;
			package = 4E9F5C4D297299D400BE6733 /* XCRemoteSwiftPackageReference "SnapKit" */;
			productName = SnapKit;
		};
		4EE02AF7298CD7D700D44658 /* RxCocoa */ = {
			isa = XCSwiftPackageProductDependency;
			package = 4EE02AF6298CD7D700D44658 /* XCRemoteSwiftPackageReference "RxSwift" */;
			productName = RxCocoa;
		};
		4EE02AF9298CD7D700D44658 /* RxSwift */ = {
			isa = XCSwiftPackageProductDependency;
			package = 4EE02AF6298CD7D700D44658 /* XCRemoteSwiftPackageReference "RxSwift" */;
			productName = RxSwift;
		};
		4EED16BE29BADB02009C321C /* FSCalendar */ = {
			isa = XCSwiftPackageProductDependency;
			package = 4EED16BD29BADB02009C321C /* XCRemoteSwiftPackageReference "FSCalendar" */;
			productName = FSCalendar;
		};
/* End XCSwiftPackageProductDependency section */
	};
	rootObject = 4E9F5C1C29726F4F00BE6733 /* Project object */;
}
